// !$*UTF8*$!
{
	archiveVersion = 1;
	classes = {
	};
	objectVersion = 55;
	objects = {

/* Begin PBXBuildFile section */
		F5896EFC28990B210023E073 /* AppDelegate.swift in Sources */ = {isa = PBXBuildFile; fileRef = F5896EFB28990B210023E073 /* AppDelegate.swift */; };
		F5896F0028990B210023E073 /* EmployeeListViewController.swift in Sources */ = {isa = PBXBuildFile; fileRef = F5896EFF28990B210023E073 /* EmployeeListViewController.swift */; };
		F5896F0528990B260023E073 /* Assets.xcassets in Resources */ = {isa = PBXBuildFile; fileRef = F5896F0428990B260023E073 /* Assets.xcassets */; };
		F5896F0828990B260023E073 /* LaunchScreen.storyboard in Resources */ = {isa = PBXBuildFile; fileRef = F5896F0628990B260023E073 /* LaunchScreen.storyboard */; };
		F5896F16289910780023E073 /* Employee.swift in Sources */ = {isa = PBXBuildFile; fileRef = F5896F15289910780023E073 /* Employee.swift */; };
		F5896F18289923340023E073 /* EmployeeListPresenter.swift in Sources */ = {isa = PBXBuildFile; fileRef = F5896F17289923340023E073 /* EmployeeListPresenter.swift */; };
		F5896F1A2899234A0023E073 /* EmployeeListInteractor.swift in Sources */ = {isa = PBXBuildFile; fileRef = F5896F192899234A0023E073 /* EmployeeListInteractor.swift */; };
		F5896F1C289923610023E073 /* EmployeeListAssembly.swift in Sources */ = {isa = PBXBuildFile; fileRef = F5896F1B289923610023E073 /* EmployeeListAssembly.swift */; };
		F5896F1F2899281D0023E073 /* Assemblying.swift in Sources */ = {isa = PBXBuildFile; fileRef = F5896F1E2899281D0023E073 /* Assemblying.swift */; };
		F5A23DEE28CED7B1006F5D2B /* EmployeeNoFound.swift in Sources */ = {isa = PBXBuildFile; fileRef = F5A23DED28CED7B0006F5D2B /* EmployeeNoFound.swift */; };
		F5A23DF028DD9BB0006F5D2B /* ThemeManager.swift in Sources */ = {isa = PBXBuildFile; fileRef = F5A23DEF28DD9BAF006F5D2B /* ThemeManager.swift */; };
		F5E2C4E6289BA8FA005C0110 /* EmployeeViewModel.swift in Sources */ = {isa = PBXBuildFile; fileRef = F5E2C4E5289BA8FA005C0110 /* EmployeeViewModel.swift */; };
		F5E2C4F1289CE2BA005C0110 /* EmployeeTableViewCell.swift in Sources */ = {isa = PBXBuildFile; fileRef = F5E2C4F0289CE2BA005C0110 /* EmployeeTableViewCell.swift */; };
		F5E2C4F3289CE2DE005C0110 /* EmployeeImageView.swift in Sources */ = {isa = PBXBuildFile; fileRef = F5E2C4F2289CE2DE005C0110 /* EmployeeImageView.swift */; };
		F5E2C4F5289CE2FB005C0110 /* EmployeeInfoLabel.swift in Sources */ = {isa = PBXBuildFile; fileRef = F5E2C4F4289CE2FB005C0110 /* EmployeeInfoLabel.swift */; };
		F5E2C4F8289CE363005C0110 /* UIColor+Extension.swift in Sources */ = {isa = PBXBuildFile; fileRef = F5E2C4F7289CE363005C0110 /* UIColor+Extension.swift */; };
		F5E2C4FC289D0B76005C0110 /* Inter-Medium.ttf in Resources */ = {isa = PBXBuildFile; fileRef = F5E2C4FA289D0B75005C0110 /* Inter-Medium.ttf */; };
		F5E2C4FD289D0B76005C0110 /* Inter-Regular.ttf in Resources */ = {isa = PBXBuildFile; fileRef = F5E2C4FB289D0B76005C0110 /* Inter-Regular.ttf */; };
		F5E2C50028A0F733005C0110 /* NetworkManager.swift in Sources */ = {isa = PBXBuildFile; fileRef = F5E2C4FF28A0F733005C0110 /* NetworkManager.swift */; };
		F5E2C50228A3932D005C0110 /* EmployeeListRouter.swift in Sources */ = {isa = PBXBuildFile; fileRef = F5E2C50128A3932D005C0110 /* EmployeeListRouter.swift */; };
		F5E2C50728A393BF005C0110 /* EmployeeErrorViewController.swift in Sources */ = {isa = PBXBuildFile; fileRef = F5E2C50628A393BF005C0110 /* EmployeeErrorViewController.swift */; };
		F5E2C50928A39C56005C0110 /* EmployeeErrorAssembly.swift in Sources */ = {isa = PBXBuildFile; fileRef = F5E2C50828A39C56005C0110 /* EmployeeErrorAssembly.swift */; };
		F5E2C50B28A39D58005C0110 /* EmployeeErrorRouter.swift in Sources */ = {isa = PBXBuildFile; fileRef = F5E2C50A28A39D58005C0110 /* EmployeeErrorRouter.swift */; };
		F5E2C50D28A39DB3005C0110 /* EmployeeErrorPresenter.swift in Sources */ = {isa = PBXBuildFile; fileRef = F5E2C50C28A39DB3005C0110 /* EmployeeErrorPresenter.swift */; };
		F5E2C50F28A60D53005C0110 /* Inter-SemiBold.ttf in Resources */ = {isa = PBXBuildFile; fileRef = F5E2C50E28A60D53005C0110 /* Inter-SemiBold.ttf */; };
		F5E2C51528AB61D4005C0110 /* EmployeeDetailsViewController.swift in Sources */ = {isa = PBXBuildFile; fileRef = F5E2C51428AB61D4005C0110 /* EmployeeDetailsViewController.swift */; };
		F5E2C51728AB67A5005C0110 /* EmployeeDetailsAssembly.swift in Sources */ = {isa = PBXBuildFile; fileRef = F5E2C51628AB67A5005C0110 /* EmployeeDetailsAssembly.swift */; };
		F5E2C51928AB687C005C0110 /* EmployeeDetailsPresenter.swift in Sources */ = {isa = PBXBuildFile; fileRef = F5E2C51828AB687C005C0110 /* EmployeeDetailsPresenter.swift */; };
		F5E2C51B28AB7B69005C0110 /* EmployeeDetailsViewModel.swift in Sources */ = {isa = PBXBuildFile; fileRef = F5E2C51A28AB7B69005C0110 /* EmployeeDetailsViewModel.swift */; };
		F5E2C51D28AB872B005C0110 /* Inter-Bold.ttf in Resources */ = {isa = PBXBuildFile; fileRef = F5E2C51C28AB872B005C0110 /* Inter-Bold.ttf */; };
		F5FB342728B86B8100C4A0C4 /* CustomSegmentedButton.swift in Sources */ = {isa = PBXBuildFile; fileRef = F5FB342628B86B8000C4A0C4 /* CustomSegmentedButton.swift */; };
		F5FB342928B8927C00C4A0C4 /* CustomSegmentedControl.swift in Sources */ = {isa = PBXBuildFile; fileRef = F5FB342828B8927C00C4A0C4 /* CustomSegmentedControl.swift */; };
/* End PBXBuildFile section */

/* Begin PBXFileReference section */
		F5896EF828990B210023E073 /* Employees.app */ = {isa = PBXFileReference; explicitFileType = wrapper.application; includeInIndex = 0; path = Employees.app; sourceTree = BUILT_PRODUCTS_DIR; };
		F5896EFB28990B210023E073 /* AppDelegate.swift */ = {isa = PBXFileReference; lastKnownFileType = sourcecode.swift; path = AppDelegate.swift; sourceTree = "<group>"; };
		F5896EFF28990B210023E073 /* EmployeeListViewController.swift */ = {isa = PBXFileReference; lastKnownFileType = sourcecode.swift; path = EmployeeListViewController.swift; sourceTree = "<group>"; };
		F5896F0428990B260023E073 /* Assets.xcassets */ = {isa = PBXFileReference; lastKnownFileType = folder.assetcatalog; path = Assets.xcassets; sourceTree = "<group>"; };
		F5896F0728990B260023E073 /* Base */ = {isa = PBXFileReference; lastKnownFileType = file.storyboard; name = Base; path = Base.lproj/LaunchScreen.storyboard; sourceTree = "<group>"; };
		F5896F0928990B260023E073 /* Info.plist */ = {isa = PBXFileReference; lastKnownFileType = text.plist.xml; path = Info.plist; sourceTree = "<group>"; };
		F5896F15289910780023E073 /* Employee.swift */ = {isa = PBXFileReference; lastKnownFileType = sourcecode.swift; path = Employee.swift; sourceTree = "<group>"; };
		F5896F17289923340023E073 /* EmployeeListPresenter.swift */ = {isa = PBXFileReference; lastKnownFileType = sourcecode.swift; path = EmployeeListPresenter.swift; sourceTree = "<group>"; };
		F5896F192899234A0023E073 /* EmployeeListInteractor.swift */ = {isa = PBXFileReference; lastKnownFileType = sourcecode.swift; path = EmployeeListInteractor.swift; sourceTree = "<group>"; };
		F5896F1B289923610023E073 /* EmployeeListAssembly.swift */ = {isa = PBXFileReference; lastKnownFileType = sourcecode.swift; path = EmployeeListAssembly.swift; sourceTree = "<group>"; };
		F5896F1E2899281D0023E073 /* Assemblying.swift */ = {isa = PBXFileReference; lastKnownFileType = sourcecode.swift; path = Assemblying.swift; sourceTree = "<group>"; };
		F5A23DED28CED7B0006F5D2B /* EmployeeNoFound.swift */ = {isa = PBXFileReference; lastKnownFileType = sourcecode.swift; path = EmployeeNoFound.swift; sourceTree = "<group>"; };
		F5A23DEF28DD9BAF006F5D2B /* ThemeManager.swift */ = {isa = PBXFileReference; lastKnownFileType = sourcecode.swift; path = ThemeManager.swift; sourceTree = "<group>"; };
		F5E2C4E5289BA8FA005C0110 /* EmployeeViewModel.swift */ = {isa = PBXFileReference; lastKnownFileType = sourcecode.swift; path = EmployeeViewModel.swift; sourceTree = "<group>"; };
		F5E2C4F0289CE2BA005C0110 /* EmployeeTableViewCell.swift */ = {isa = PBXFileReference; lastKnownFileType = sourcecode.swift; path = EmployeeTableViewCell.swift; sourceTree = "<group>"; };
		F5E2C4F2289CE2DE005C0110 /* EmployeeImageView.swift */ = {isa = PBXFileReference; lastKnownFileType = sourcecode.swift; path = EmployeeImageView.swift; sourceTree = "<group>"; };
		F5E2C4F4289CE2FB005C0110 /* EmployeeInfoLabel.swift */ = {isa = PBXFileReference; lastKnownFileType = sourcecode.swift; path = EmployeeInfoLabel.swift; sourceTree = "<group>"; };
		F5E2C4F7289CE363005C0110 /* UIColor+Extension.swift */ = {isa = PBXFileReference; lastKnownFileType = sourcecode.swift; path = "UIColor+Extension.swift"; sourceTree = "<group>"; };
		F5E2C4FA289D0B75005C0110 /* Inter-Medium.ttf */ = {isa = PBXFileReference; lastKnownFileType = file; path = "Inter-Medium.ttf"; sourceTree = "<group>"; };
		F5E2C4FB289D0B76005C0110 /* Inter-Regular.ttf */ = {isa = PBXFileReference; lastKnownFileType = file; path = "Inter-Regular.ttf"; sourceTree = "<group>"; };
		F5E2C4FF28A0F733005C0110 /* NetworkManager.swift */ = {isa = PBXFileReference; lastKnownFileType = sourcecode.swift; path = NetworkManager.swift; sourceTree = "<group>"; };
		F5E2C50128A3932D005C0110 /* EmployeeListRouter.swift */ = {isa = PBXFileReference; lastKnownFileType = sourcecode.swift; path = EmployeeListRouter.swift; sourceTree = "<group>"; };
		F5E2C50628A393BF005C0110 /* EmployeeErrorViewController.swift */ = {isa = PBXFileReference; lastKnownFileType = sourcecode.swift; path = EmployeeErrorViewController.swift; sourceTree = "<group>"; };
		F5E2C50828A39C56005C0110 /* EmployeeErrorAssembly.swift */ = {isa = PBXFileReference; lastKnownFileType = sourcecode.swift; path = EmployeeErrorAssembly.swift; sourceTree = "<group>"; };
		F5E2C50A28A39D58005C0110 /* EmployeeErrorRouter.swift */ = {isa = PBXFileReference; lastKnownFileType = sourcecode.swift; path = EmployeeErrorRouter.swift; sourceTree = "<group>"; };
		F5E2C50C28A39DB3005C0110 /* EmployeeErrorPresenter.swift */ = {isa = PBXFileReference; lastKnownFileType = sourcecode.swift; path = EmployeeErrorPresenter.swift; sourceTree = "<group>"; };
		F5E2C50E28A60D53005C0110 /* Inter-SemiBold.ttf */ = {isa = PBXFileReference; lastKnownFileType = file; path = "Inter-SemiBold.ttf"; sourceTree = "<group>"; };
		F5E2C51428AB61D4005C0110 /* EmployeeDetailsViewController.swift */ = {isa = PBXFileReference; lastKnownFileType = sourcecode.swift; path = EmployeeDetailsViewController.swift; sourceTree = "<group>"; };
		F5E2C51628AB67A5005C0110 /* EmployeeDetailsAssembly.swift */ = {isa = PBXFileReference; lastKnownFileType = sourcecode.swift; path = EmployeeDetailsAssembly.swift; sourceTree = "<group>"; };
		F5E2C51828AB687C005C0110 /* EmployeeDetailsPresenter.swift */ = {isa = PBXFileReference; lastKnownFileType = sourcecode.swift; path = EmployeeDetailsPresenter.swift; sourceTree = "<group>"; };
		F5E2C51A28AB7B69005C0110 /* EmployeeDetailsViewModel.swift */ = {isa = PBXFileReference; lastKnownFileType = sourcecode.swift; path = EmployeeDetailsViewModel.swift; sourceTree = "<group>"; };
		F5E2C51C28AB872B005C0110 /* Inter-Bold.ttf */ = {isa = PBXFileReference; lastKnownFileType = file; path = "Inter-Bold.ttf"; sourceTree = "<group>"; };
		F5FB342628B86B8000C4A0C4 /* CustomSegmentedButton.swift */ = {isa = PBXFileReference; lastKnownFileType = sourcecode.swift; path = CustomSegmentedButton.swift; sourceTree = "<group>"; };
		F5FB342828B8927C00C4A0C4 /* CustomSegmentedControl.swift */ = {isa = PBXFileReference; lastKnownFileType = sourcecode.swift; path = CustomSegmentedControl.swift; sourceTree = "<group>"; };
/* End PBXFileReference section */

/* Begin PBXFrameworksBuildPhase section */
		F5896EF528990B210023E073 /* Frameworks */ = {
			isa = PBXFrameworksBuildPhase;
			buildActionMask = 2147483647;
			files = (
			);
			runOnlyForDeploymentPostprocessing = 0;
		};
/* End PBXFrameworksBuildPhase section */

/* Begin PBXGroup section */
		F5896EEF28990B210023E073 = {
			isa = PBXGroup;
			children = (
				F5896EFA28990B210023E073 /* Employees */,
				F5896EF928990B210023E073 /* Products */,
			);
			sourceTree = "<group>";
		};
		F5896EF928990B210023E073 /* Products */ = {
			isa = PBXGroup;
			children = (
				F5896EF828990B210023E073 /* Employees.app */,
			);
			name = Products;
			sourceTree = "<group>";
		};
		F5896EFA28990B210023E073 /* Employees */ = {
			isa = PBXGroup;
			children = (
				F5896F0F28990B420023E073 /* Default */,
				F5896F1228990F960023E073 /* Common */,
				F5896F1028990B9A0023E073 /* App */,
			);
			path = Employees;
			sourceTree = "<group>";
		};
		F5896F0F28990B420023E073 /* Default */ = {
			isa = PBXGroup;
			children = (
				F5896EFB28990B210023E073 /* AppDelegate.swift */,
				F5896F0628990B260023E073 /* LaunchScreen.storyboard */,
				F5896F0928990B260023E073 /* Info.plist */,
			);
			path = Default;
			sourceTree = "<group>";
		};
		F5896F1028990B9A0023E073 /* App */ = {
			isa = PBXGroup;
			children = (
				F5896F1128990C2E0023E073 /* EmployeeList */,
				F5E2C51328AB61AE005C0110 /* EmployeeDetails */,
				F5E2C50328A39342005C0110 /* EmployeeError */,
			);
			path = App;
			sourceTree = "<group>";
		};
		F5896F1128990C2E0023E073 /* EmployeeList */ = {
			isa = PBXGroup;
			children = (
				F5896EFF28990B210023E073 /* EmployeeListViewController.swift */,
				F5896F17289923340023E073 /* EmployeeListPresenter.swift */,
				F5896F192899234A0023E073 /* EmployeeListInteractor.swift */,
				F5E2C50128A3932D005C0110 /* EmployeeListRouter.swift */,
				F5896F1B289923610023E073 /* EmployeeListAssembly.swift */,
				F5E2C4EF289CE278005C0110 /* Views */,
				F5E2C4E7289BA901005C0110 /* ViewModels */,
			);
			path = EmployeeList;
			sourceTree = "<group>";
		};
		F5896F1228990F960023E073 /* Common */ = {
			isa = PBXGroup;
			children = (
				F5896F1D289927C90023E073 /* Protocols */,
				F5E2C4FE28A0F6E5005C0110 /* Services */,
				F5896F14289910420023E073 /* Models */,
				F5E2C4F6289CE343005C0110 /* Helpers */,
				F5E2C4F9289D0B38005C0110 /* Fonts */,
				F5896F1328990FAE0023E073 /* Resources */,
			);
			path = Common;
			sourceTree = "<group>";
		};
		F5896F1328990FAE0023E073 /* Resources */ = {
			isa = PBXGroup;
			children = (
				F5896F0428990B260023E073 /* Assets.xcassets */,
			);
			path = Resources;
			sourceTree = "<group>";
		};
		F5896F14289910420023E073 /* Models */ = {
			isa = PBXGroup;
			children = (
				F5896F15289910780023E073 /* Employee.swift */,
			);
			path = Models;
			sourceTree = "<group>";
		};
		F5896F1D289927C90023E073 /* Protocols */ = {
			isa = PBXGroup;
			children = (
				F5896F1E2899281D0023E073 /* Assemblying.swift */,
			);
			path = Protocols;
			sourceTree = "<group>";
		};
		F5E2C4E7289BA901005C0110 /* ViewModels */ = {
			isa = PBXGroup;
			children = (
				F5E2C4E5289BA8FA005C0110 /* EmployeeViewModel.swift */,
			);
			path = ViewModels;
			sourceTree = "<group>";
		};
		F5E2C4EF289CE278005C0110 /* Views */ = {
			isa = PBXGroup;
			children = (
				F5E2C4F0289CE2BA005C0110 /* EmployeeTableViewCell.swift */,
				F5E2C4F2289CE2DE005C0110 /* EmployeeImageView.swift */,
				F5E2C4F4289CE2FB005C0110 /* EmployeeInfoLabel.swift */,
				F5FB342828B8927C00C4A0C4 /* CustomSegmentedControl.swift */,
				F5FB342628B86B8000C4A0C4 /* CustomSegmentedButton.swift */,
				F5A23DED28CED7B0006F5D2B /* EmployeeNoFound.swift */,
			);
			path = Views;
			sourceTree = "<group>";
		};
		F5E2C4F6289CE343005C0110 /* Helpers */ = {
			isa = PBXGroup;
			children = (
				F5E2C4F7289CE363005C0110 /* UIColor+Extension.swift */,
			);
			path = Helpers;
			sourceTree = "<group>";
		};
		F5E2C4F9289D0B38005C0110 /* Fonts */ = {
			isa = PBXGroup;
			children = (
				F5E2C51C28AB872B005C0110 /* Inter-Bold.ttf */,
				F5E2C4FA289D0B75005C0110 /* Inter-Medium.ttf */,
				F5E2C4FB289D0B76005C0110 /* Inter-Regular.ttf */,
				F5E2C50E28A60D53005C0110 /* Inter-SemiBold.ttf */,
			);
			path = Fonts;
			sourceTree = "<group>";
		};
		F5E2C4FE28A0F6E5005C0110 /* Services */ = {
			isa = PBXGroup;
			children = (
				F5E2C4FF28A0F733005C0110 /* NetworkManager.swift */,
				F5A23DEF28DD9BAF006F5D2B /* ThemeManager.swift */,
			);
			path = Services;
			sourceTree = "<group>";
		};
		F5E2C50328A39342005C0110 /* EmployeeError */ = {
			isa = PBXGroup;
			children = (
				F5E2C50628A393BF005C0110 /* EmployeeErrorViewController.swift */,
				F5E2C50C28A39DB3005C0110 /* EmployeeErrorPresenter.swift */,
				F5E2C50A28A39D58005C0110 /* EmployeeErrorRouter.swift */,
				F5E2C50828A39C56005C0110 /* EmployeeErrorAssembly.swift */,
			);
			path = EmployeeError;
			sourceTree = "<group>";
		};
		F5E2C51328AB61AE005C0110 /* EmployeeDetails */ = {
			isa = PBXGroup;
			children = (
				F5E2C51428AB61D4005C0110 /* EmployeeDetailsViewController.swift */,
				F5E2C51828AB687C005C0110 /* EmployeeDetailsPresenter.swift */,
				F5E2C51628AB67A5005C0110 /* EmployeeDetailsAssembly.swift */,
				F5E2C51A28AB7B69005C0110 /* EmployeeDetailsViewModel.swift */,
			);
			path = EmployeeDetails;
			sourceTree = "<group>";
		};
/* End PBXGroup section */

/* Begin PBXNativeTarget section */
		F5896EF728990B210023E073 /* Employees */ = {
			isa = PBXNativeTarget;
			buildConfigurationList = F5896F0C28990B260023E073 /* Build configuration list for PBXNativeTarget "Employees" */;
			buildPhases = (
				F5896EF428990B210023E073 /* Sources */,
				F5896EF528990B210023E073 /* Frameworks */,
				F5896EF628990B210023E073 /* Resources */,
			);
			buildRules = (
			);
			dependencies = (
			);
			name = Employees;
			productName = Employees;
			productReference = F5896EF828990B210023E073 /* Employees.app */;
			productType = "com.apple.product-type.application";
		};
/* End PBXNativeTarget section */

/* Begin PBXProject section */
		F5896EF028990B210023E073 /* Project object */ = {
			isa = PBXProject;
			attributes = {
				BuildIndependentTargetsInParallel = 1;
				LastSwiftUpdateCheck = 1310;
				LastUpgradeCheck = 1310;
				TargetAttributes = {
					F5896EF728990B210023E073 = {
						CreatedOnToolsVersion = 13.1;
					};
				};
			};
			buildConfigurationList = F5896EF328990B210023E073 /* Build configuration list for PBXProject "Employees" */;
			compatibilityVersion = "Xcode 13.0";
			developmentRegion = en;
			hasScannedForEncodings = 0;
			knownRegions = (
				en,
				Base,
			);
			mainGroup = F5896EEF28990B210023E073;
			productRefGroup = F5896EF928990B210023E073 /* Products */;
			projectDirPath = "";
			projectRoot = "";
			targets = (
				F5896EF728990B210023E073 /* Employees */,
			);
		};
/* End PBXProject section */

/* Begin PBXResourcesBuildPhase section */
		F5896EF628990B210023E073 /* Resources */ = {
			isa = PBXResourcesBuildPhase;
			buildActionMask = 2147483647;
			files = (
				F5E2C51D28AB872B005C0110 /* Inter-Bold.ttf in Resources */,
				F5896F0828990B260023E073 /* LaunchScreen.storyboard in Resources */,
				F5896F0528990B260023E073 /* Assets.xcassets in Resources */,
				F5E2C4FD289D0B76005C0110 /* Inter-Regular.ttf in Resources */,
				F5E2C50F28A60D53005C0110 /* Inter-SemiBold.ttf in Resources */,
				F5E2C4FC289D0B76005C0110 /* Inter-Medium.ttf in Resources */,
			);
			runOnlyForDeploymentPostprocessing = 0;
		};
/* End PBXResourcesBuildPhase section */

/* Begin PBXSourcesBuildPhase section */
		F5896EF428990B210023E073 /* Sources */ = {
			isa = PBXSourcesBuildPhase;
			buildActionMask = 2147483647;
			files = (
				F5E2C50928A39C56005C0110 /* EmployeeErrorAssembly.swift in Sources */,
				F5E2C51B28AB7B69005C0110 /* EmployeeDetailsViewModel.swift in Sources */,
				F5A23DEE28CED7B1006F5D2B /* EmployeeNoFound.swift in Sources */,
				F5896F1C289923610023E073 /* EmployeeListAssembly.swift in Sources */,
				F5E2C51728AB67A5005C0110 /* EmployeeDetailsAssembly.swift in Sources */,
				F5896F0028990B210023E073 /* EmployeeListViewController.swift in Sources */,
				F5E2C4F3289CE2DE005C0110 /* EmployeeImageView.swift in Sources */,
				F5E2C50028A0F733005C0110 /* NetworkManager.swift in Sources */,
				F5E2C4F8289CE363005C0110 /* UIColor+Extension.swift in Sources */,
				F5E2C50728A393BF005C0110 /* EmployeeErrorViewController.swift in Sources */,
				F5896F16289910780023E073 /* Employee.swift in Sources */,
				F5E2C50B28A39D58005C0110 /* EmployeeErrorRouter.swift in Sources */,
				F5E2C4F5289CE2FB005C0110 /* EmployeeInfoLabel.swift in Sources */,
				F5896F1A2899234A0023E073 /* EmployeeListInteractor.swift in Sources */,
				F5E2C50D28A39DB3005C0110 /* EmployeeErrorPresenter.swift in Sources */,
				F5FB342728B86B8100C4A0C4 /* CustomSegmentedButton.swift in Sources */,
				F5E2C50228A3932D005C0110 /* EmployeeListRouter.swift in Sources */,
				F5E2C51528AB61D4005C0110 /* EmployeeDetailsViewController.swift in Sources */,
				F5896F1F2899281D0023E073 /* Assemblying.swift in Sources */,
				F5A23DF028DD9BB0006F5D2B /* ThemeManager.swift in Sources */,
				F5E2C4F1289CE2BA005C0110 /* EmployeeTableViewCell.swift in Sources */,
				F5896F18289923340023E073 /* EmployeeListPresenter.swift in Sources */,
				F5E2C4E6289BA8FA005C0110 /* EmployeeViewModel.swift in Sources */,
				F5E2C51928AB687C005C0110 /* EmployeeDetailsPresenter.swift in Sources */,
				F5896EFC28990B210023E073 /* AppDelegate.swift in Sources */,
				F5FB342928B8927C00C4A0C4 /* CustomSegmentedControl.swift in Sources */,
			);
			runOnlyForDeploymentPostprocessing = 0;
		};
/* End PBXSourcesBuildPhase section */

/* Begin PBXVariantGroup section */
		F5896F0628990B260023E073 /* LaunchScreen.storyboard */ = {
			isa = PBXVariantGroup;
			children = (
				F5896F0728990B260023E073 /* Base */,
			);
			name = LaunchScreen.storyboard;
			sourceTree = "<group>";
		};
/* End PBXVariantGroup section */

/* Begin XCBuildConfiguration section */
		F5896F0A28990B260023E073 /* Debug */ = {
			isa = XCBuildConfiguration;
			buildSettings = {
				ALWAYS_SEARCH_USER_PATHS = NO;
				CLANG_ANALYZER_NONNULL = YES;
				CLANG_ANALYZER_NUMBER_OBJECT_CONVERSION = YES_AGGRESSIVE;
				CLANG_CXX_LANGUAGE_STANDARD = "gnu++17";
				CLANG_CXX_LIBRARY = "libc++";
				CLANG_ENABLE_MODULES = YES;
				CLANG_ENABLE_OBJC_ARC = YES;
				CLANG_ENABLE_OBJC_WEAK = YES;
				CLANG_WARN_BLOCK_CAPTURE_AUTORELEASING = YES;
				CLANG_WARN_BOOL_CONVERSION = YES;
				CLANG_WARN_COMMA = YES;
				CLANG_WARN_CONSTANT_CONVERSION = YES;
				CLANG_WARN_DEPRECATED_OBJC_IMPLEMENTATIONS = YES;
				CLANG_WARN_DIRECT_OBJC_ISA_USAGE = YES_ERROR;
				CLANG_WARN_DOCUMENTATION_COMMENTS = YES;
				CLANG_WARN_EMPTY_BODY = YES;
				CLANG_WARN_ENUM_CONVERSION = YES;
				CLANG_WARN_INFINITE_RECURSION = YES;
				CLANG_WARN_INT_CONVERSION = YES;
				CLANG_WARN_NON_LITERAL_NULL_CONVERSION = YES;
				CLANG_WARN_OBJC_IMPLICIT_RETAIN_SELF = YES;
				CLANG_WARN_OBJC_LITERAL_CONVERSION = YES;
				CLANG_WARN_OBJC_ROOT_CLASS = YES_ERROR;
				CLANG_WARN_QUOTED_INCLUDE_IN_FRAMEWORK_HEADER = YES;
				CLANG_WARN_RANGE_LOOP_ANALYSIS = YES;
				CLANG_WARN_STRICT_PROTOTYPES = YES;
				CLANG_WARN_SUSPICIOUS_MOVE = YES;
				CLANG_WARN_UNGUARDED_AVAILABILITY = YES_AGGRESSIVE;
				CLANG_WARN_UNREACHABLE_CODE = YES;
				CLANG_WARN__DUPLICATE_METHOD_MATCH = YES;
				COPY_PHASE_STRIP = NO;
				DEBUG_INFORMATION_FORMAT = dwarf;
				ENABLE_STRICT_OBJC_MSGSEND = YES;
				ENABLE_TESTABILITY = YES;
				GCC_C_LANGUAGE_STANDARD = gnu11;
				GCC_DYNAMIC_NO_PIC = NO;
				GCC_NO_COMMON_BLOCKS = YES;
				GCC_OPTIMIZATION_LEVEL = 0;
				GCC_PREPROCESSOR_DEFINITIONS = (
					"DEBUG=1",
					"$(inherited)",
				);
				GCC_WARN_64_TO_32_BIT_CONVERSION = YES;
				GCC_WARN_ABOUT_RETURN_TYPE = YES_ERROR;
				GCC_WARN_UNDECLARED_SELECTOR = YES;
				GCC_WARN_UNINITIALIZED_AUTOS = YES_AGGRESSIVE;
				GCC_WARN_UNUSED_FUNCTION = YES;
				GCC_WARN_UNUSED_VARIABLE = YES;
				IPHONEOS_DEPLOYMENT_TARGET = 15.0;
				MTL_ENABLE_DEBUG_INFO = INCLUDE_SOURCE;
				MTL_FAST_MATH = YES;
				ONLY_ACTIVE_ARCH = YES;
				SDKROOT = iphoneos;
				SWIFT_ACTIVE_COMPILATION_CONDITIONS = DEBUG;
				SWIFT_OPTIMIZATION_LEVEL = "-Onone";
			};
			name = Debug;
		};
		F5896F0B28990B260023E073 /* Release */ = {
			isa = XCBuildConfiguration;
			buildSettings = {
				ALWAYS_SEARCH_USER_PATHS = NO;
				CLANG_ANALYZER_NONNULL = YES;
				CLANG_ANALYZER_NUMBER_OBJECT_CONVERSION = YES_AGGRESSIVE;
				CLANG_CXX_LANGUAGE_STANDARD = "gnu++17";
				CLANG_CXX_LIBRARY = "libc++";
				CLANG_ENABLE_MODULES = YES;
				CLANG_ENABLE_OBJC_ARC = YES;
				CLANG_ENABLE_OBJC_WEAK = YES;
				CLANG_WARN_BLOCK_CAPTURE_AUTORELEASING = YES;
				CLANG_WARN_BOOL_CONVERSION = YES;
				CLANG_WARN_COMMA = YES;
				CLANG_WARN_CONSTANT_CONVERSION = YES;
				CLANG_WARN_DEPRECATED_OBJC_IMPLEMENTATIONS = YES;
				CLANG_WARN_DIRECT_OBJC_ISA_USAGE = YES_ERROR;
				CLANG_WARN_DOCUMENTATION_COMMENTS = YES;
				CLANG_WARN_EMPTY_BODY = YES;
				CLANG_WARN_ENUM_CONVERSION = YES;
				CLANG_WARN_INFINITE_RECURSION = YES;
				CLANG_WARN_INT_CONVERSION = YES;
				CLANG_WARN_NON_LITERAL_NULL_CONVERSION = YES;
				CLANG_WARN_OBJC_IMPLICIT_RETAIN_SELF = YES;
				CLANG_WARN_OBJC_LITERAL_CONVERSION = YES;
				CLANG_WARN_OBJC_ROOT_CLASS = YES_ERROR;
				CLANG_WARN_QUOTED_INCLUDE_IN_FRAMEWORK_HEADER = YES;
				CLANG_WARN_RANGE_LOOP_ANALYSIS = YES;
				CLANG_WARN_STRICT_PROTOTYPES = YES;
				CLANG_WARN_SUSPICIOUS_MOVE = YES;
				CLANG_WARN_UNGUARDED_AVAILABILITY = YES_AGGRESSIVE;
				CLANG_WARN_UNREACHABLE_CODE = YES;
				CLANG_WARN__DUPLICATE_METHOD_MATCH = YES;
				COPY_PHASE_STRIP = NO;
				DEBUG_INFORMATION_FORMAT = "dwarf-with-dsym";
				ENABLE_NS_ASSERTIONS = NO;
				ENABLE_STRICT_OBJC_MSGSEND = YES;
				GCC_C_LANGUAGE_STANDARD = gnu11;
				GCC_NO_COMMON_BLOCKS = YES;
				GCC_WARN_64_TO_32_BIT_CONVERSION = YES;
				GCC_WARN_ABOUT_RETURN_TYPE = YES_ERROR;
				GCC_WARN_UNDECLARED_SELECTOR = YES;
				GCC_WARN_UNINITIALIZED_AUTOS = YES_AGGRESSIVE;
				GCC_WARN_UNUSED_FUNCTION = YES;
				GCC_WARN_UNUSED_VARIABLE = YES;
				IPHONEOS_DEPLOYMENT_TARGET = 15.0;
				MTL_ENABLE_DEBUG_INFO = NO;
				MTL_FAST_MATH = YES;
				SDKROOT = iphoneos;
				SWIFT_COMPILATION_MODE = wholemodule;
				SWIFT_OPTIMIZATION_LEVEL = "-O";
				VALIDATE_PRODUCT = YES;
			};
			name = Release;
		};
		F5896F0D28990B260023E073 /* Debug */ = {
			isa = XCBuildConfiguration;
			buildSettings = {
				ASSETCATALOG_COMPILER_APPICON_NAME = AppIcon;
				ASSETCATALOG_COMPILER_GLOBAL_ACCENT_COLOR_NAME = AccentColor;
				ASSETCATALOG_COMPILER_INCLUDE_ALL_APPICON_ASSETS = NO;
				CODE_SIGN_STYLE = Automatic;
				CURRENT_PROJECT_VERSION = 1;
				DEVELOPMENT_TEAM = 3KSQQS7C6X;
				GENERATE_INFOPLIST_FILE = YES;
				INFOPLIST_FILE = Employees/Default/Info.plist;
				INFOPLIST_KEY_UIApplicationSupportsIndirectInputEvents = YES;
				INFOPLIST_KEY_UILaunchStoryboardName = LaunchScreen;
				INFOPLIST_KEY_UISupportedInterfaceOrientations = UIInterfaceOrientationPortrait;
				INFOPLIST_KEY_UISupportedInterfaceOrientations_iPad = "UIInterfaceOrientationPortrait UIInterfaceOrientationPortraitUpsideDown UIInterfaceOrientationLandscapeLeft UIInterfaceOrientationLandscapeRight";
				INFOPLIST_KEY_UISupportedInterfaceOrientations_iPhone = "UIInterfaceOrientationPortrait UIInterfaceOrientationLandscapeLeft UIInterfaceOrientationLandscapeRight";
				IPHONEOS_DEPLOYMENT_TARGET = 13.0;
				LD_RUNPATH_SEARCH_PATHS = (
					"$(inherited)",
					"@executable_path/Frameworks",
				);
				MARKETING_VERSION = 1.0;
				PRODUCT_BUNDLE_IDENTIFIER = alex.Employees;
				PRODUCT_NAME = "$(TARGET_NAME)";
				SWIFT_EMIT_LOC_STRINGS = YES;
				SWIFT_VERSION = 5.0;
				TARGETED_DEVICE_FAMILY = 1;
			};
			name = Debug;
		};
		F5896F0E28990B260023E073 /* Release */ = {
			isa = XCBuildConfiguration;
			buildSettings = {
				ASSETCATALOG_COMPILER_APPICON_NAME = AppIcon;
				ASSETCATALOG_COMPILER_GLOBAL_ACCENT_COLOR_NAME = AccentColor;
				ASSETCATALOG_COMPILER_INCLUDE_ALL_APPICON_ASSETS = NO;
				CODE_SIGN_STYLE = Automatic;
				CURRENT_PROJECT_VERSION = 1;
				DEVELOPMENT_TEAM = 3KSQQS7C6X;
				GENERATE_INFOPLIST_FILE = YES;
				INFOPLIST_FILE = Employees/Default/Info.plist;
				INFOPLIST_KEY_UIApplicationSupportsIndirectInputEvents = YES;
				INFOPLIST_KEY_UILaunchStoryboardName = LaunchScreen;
				INFOPLIST_KEY_UISupportedInterfaceOrientations = UIInterfaceOrientationPortrait;
				INFOPLIST_KEY_UISupportedInterfaceOrientations_iPad = "UIInterfaceOrientationPortrait UIInterfaceOrientationPortraitUpsideDown UIInterfaceOrientationLandscapeLeft UIInterfaceOrientationLandscapeRight";
				INFOPLIST_KEY_UISupportedInterfaceOrientations_iPhone = "UIInterfaceOrientationPortrait UIInterfaceOrientationLandscapeLeft UIInterfaceOrientationLandscapeRight";
				IPHONEOS_DEPLOYMENT_TARGET = 13.0;
				LD_RUNPATH_SEARCH_PATHS = (
					"$(inherited)",
					"@executable_path/Frameworks",
				);
				MARKETING_VERSION = 1.0;
				PRODUCT_BUNDLE_IDENTIFIER = alex.Employees;
				PRODUCT_NAME = "$(TARGET_NAME)";
				SWIFT_EMIT_LOC_STRINGS = YES;
				SWIFT_VERSION = 5.0;
				TARGETED_DEVICE_FAMILY = 1;
			};
			name = Release;
		};
/* End XCBuildConfiguration section */

/* Begin XCConfigurationList section */
		F5896EF328990B210023E073 /* Build configuration list for PBXProject "Employees" */ = {
			isa = XCConfigurationList;
			buildConfigurations = (
				F5896F0A28990B260023E073 /* Debug */,
				F5896F0B28990B260023E073 /* Release */,
			);
			defaultConfigurationIsVisible = 0;
			defaultConfigurationName = Release;
		};
		F5896F0C28990B260023E073 /* Build configuration list for PBXNativeTarget "Employees" */ = {
			isa = XCConfigurationList;
			buildConfigurations = (
				F5896F0D28990B260023E073 /* Debug */,
				F5896F0E28990B260023E073 /* Release */,
			);
			defaultConfigurationIsVisible = 0;
			defaultConfigurationName = Release;
		};
/* End XCConfigurationList section */
	};
	rootObject = F5896EF028990B210023E073 /* Project object */;
}
